
Microsoft Visual Studio Solution File, Format Version 12.00
# Visual Studio Version 16
VisualStudioVersion = 16.0.31105.61
MinimumVisualStudioVersion = 10.0.40219.1
Project("{FAE04EC0-301F-11D3-BF4B-00C04F79EFBC}") = "MetricsManager", "MetricsManager\MetricsManager.csproj", "{2C9C39D7-23E3-4ABC-BFE7-514AC5B8B023}"
EndProject
Global
	GlobalSection(SolutionConfigurationPlatforms) = preSolution
		Debug|Any CPU = Debug|Any CPU
		Release|Any CPU = Release|Any CPU
	EndGlobalSection
	GlobalSection(ProjectConfigurationPlatforms) = postSolution
		{2C9C39D7-23E3-4ABC-BFE7-514AC5B8B023}.Debug|Any CPU.ActiveCfg = Debug|Any CPU
		{2C9C39D7-23E3-4ABC-BFE7-514AC5B8B023}.Debug|Any CPU.Build.0 = Debug|Any CPU
		{2C9C39D7-23E3-4ABC-BFE7-514AC5B8B023}.Release|Any CPU.ActiveCfg = Release|Any CPU
		{2C9C39D7-23E3-4ABC-BFE7-514AC5B8B023}.Release|Any CPU.Build.0 = Release|Any CPU
	EndGlobalSection
	GlobalSection(SolutionProperties) = preSolution
		HideSolutionNode = FALSE
	EndGlobalSection
	GlobalSection(ExtensibilityGlobals) = postSolution
		SolutionGuid = {95BD2854-B2C1-4FE5-AF44-1046D69432B4}
	EndGlobalSection
EndGlobal
