
Microsoft Visual Studio Solution File, Format Version 12.00
# Visual Studio Version 16
VisualStudioVersion = 16.0.31105.61
MinimumVisualStudioVersion = 10.0.40219.1
Project("{9A19103F-16F7-4668-BE54-9A1E7A4F7556}") = "MetricsManager.Tests", "MetricsManager.Tests\MetricsManager.Tests.csproj", "{A1E5CE3B-D89D-4854-8DB8-02014448B4D0}"
EndProject
Project("{9A19103F-16F7-4668-BE54-9A1E7A4F7556}") = "MetricsManager", "MetricsManager\MetricsManager.csproj", "{C394D6DA-B392-41E0-9DFB-A754E775BE13}"
EndProject
Project("{FAE04EC0-301F-11D3-BF4B-00C04F79EFBC}") = "MetricsAgent", "MetricsAgent\MetricsAgent.csproj", "{2AAE84D4-923A-4F26-BF6E-F86C06E82390}"
EndProject
Project("{FAE04EC0-301F-11D3-BF4B-00C04F79EFBC}") = "MetricsAgent.Tests", "MetricsAgent.Tests\MetricsAgent.Tests.csproj", "{BACEA7D7-A243-45EF-A582-C3974AA5F16B}"
EndProject
Global
	GlobalSection(SolutionConfigurationPlatforms) = preSolution
		Debug|Any CPU = Debug|Any CPU
		Release|Any CPU = Release|Any CPU
	EndGlobalSection
	GlobalSection(ProjectConfigurationPlatforms) = postSolution
		{A1E5CE3B-D89D-4854-8DB8-02014448B4D0}.Debug|Any CPU.ActiveCfg = Debug|Any CPU
		{A1E5CE3B-D89D-4854-8DB8-02014448B4D0}.Debug|Any CPU.Build.0 = Debug|Any CPU
		{A1E5CE3B-D89D-4854-8DB8-02014448B4D0}.Release|Any CPU.ActiveCfg = Release|Any CPU
		{A1E5CE3B-D89D-4854-8DB8-02014448B4D0}.Release|Any CPU.Build.0 = Release|Any CPU
		{C394D6DA-B392-41E0-9DFB-A754E775BE13}.Debug|Any CPU.ActiveCfg = Debug|Any CPU
		{C394D6DA-B392-41E0-9DFB-A754E775BE13}.Debug|Any CPU.Build.0 = Debug|Any CPU
		{C394D6DA-B392-41E0-9DFB-A754E775BE13}.Release|Any CPU.ActiveCfg = Release|Any CPU
		{C394D6DA-B392-41E0-9DFB-A754E775BE13}.Release|Any CPU.Build.0 = Release|Any CPU
		{2AAE84D4-923A-4F26-BF6E-F86C06E82390}.Debug|Any CPU.ActiveCfg = Debug|Any CPU
		{2AAE84D4-923A-4F26-BF6E-F86C06E82390}.Debug|Any CPU.Build.0 = Debug|Any CPU
		{2AAE84D4-923A-4F26-BF6E-F86C06E82390}.Release|Any CPU.ActiveCfg = Release|Any CPU
		{2AAE84D4-923A-4F26-BF6E-F86C06E82390}.Release|Any CPU.Build.0 = Release|Any CPU
		{BACEA7D7-A243-45EF-A582-C3974AA5F16B}.Debug|Any CPU.ActiveCfg = Debug|Any CPU
		{BACEA7D7-A243-45EF-A582-C3974AA5F16B}.Debug|Any CPU.Build.0 = Debug|Any CPU
		{BACEA7D7-A243-45EF-A582-C3974AA5F16B}.Release|Any CPU.ActiveCfg = Release|Any CPU
		{BACEA7D7-A243-45EF-A582-C3974AA5F16B}.Release|Any CPU.Build.0 = Release|Any CPU
	EndGlobalSection
	GlobalSection(SolutionProperties) = preSolution
		HideSolutionNode = FALSE
	EndGlobalSection
	GlobalSection(ExtensibilityGlobals) = postSolution
		SolutionGuid = {95BD2854-B2C1-4FE5-AF44-1046D69432B4}
	EndGlobalSection
EndGlobal
